// !$*UTF8*$!
{
	archiveVersion = 1;
	classes = {
	};
	objectVersion = 50;
	objects = {

/* Begin PBXBuildFile section */
		8E9D10C021A42BDE00D73E7A /* AppDelegate.swift in Sources */ = {isa = PBXBuildFile; fileRef = 8E9D10BF21A42BDE00D73E7A /* AppDelegate.swift */; };
		8E9D10C221A42BDE00D73E7A /* ViewController.swift in Sources */ = {isa = PBXBuildFile; fileRef = 8E9D10C121A42BDE00D73E7A /* ViewController.swift */; };
		8E9D10C521A42BDE00D73E7A /* Main.storyboard in Resources */ = {isa = PBXBuildFile; fileRef = 8E9D10C321A42BDE00D73E7A /* Main.storyboard */; };
		8E9D10C721A42BDF00D73E7A /* Assets.xcassets in Resources */ = {isa = PBXBuildFile; fileRef = 8E9D10C621A42BDF00D73E7A /* Assets.xcassets */; };
		8E9D10CA21A42BDF00D73E7A /* LaunchScreen.storyboard in Resources */ = {isa = PBXBuildFile; fileRef = 8E9D10C821A42BDF00D73E7A /* LaunchScreen.storyboard */; };
		8EFEDB2921A42EE900859672 /* RxSwift.framework in Frameworks */ = {isa = PBXBuildFile; fileRef = 8EFEDB2721A42EE900859672 /* RxSwift.framework */; };
		8EFEDB2A21A42EE900859672 /* RxCocoa.framework in Frameworks */ = {isa = PBXBuildFile; fileRef = 8EFEDB2821A42EE900859672 /* RxCocoa.framework */; };
		8EFEDB2C21A42FE900859672 /* WikipediaPage.swift in Sources */ = {isa = PBXBuildFile; fileRef = 8EFEDB2B21A42FE900859672 /* WikipediaPage.swift */; };
		8EFEDB3021A4328000859672 /* WikipediaSearchResponse.swift in Sources */ = {isa = PBXBuildFile; fileRef = 8EFEDB2F21A4328000859672 /* WikipediaSearchResponse.swift */; };
/* End PBXBuildFile section */

/* Begin PBXFileReference section */
		8E9D10BC21A42BDE00D73E7A /* RxSample4.app */ = {isa = PBXFileReference; explicitFileType = wrapper.application; includeInIndex = 0; path = RxSample4.app; sourceTree = BUILT_PRODUCTS_DIR; };
		8E9D10BF21A42BDE00D73E7A /* AppDelegate.swift */ = {isa = PBXFileReference; lastKnownFileType = sourcecode.swift; path = AppDelegate.swift; sourceTree = "<group>"; };
		8E9D10C121A42BDE00D73E7A /* ViewController.swift */ = {isa = PBXFileReference; lastKnownFileType = sourcecode.swift; path = ViewController.swift; sourceTree = "<group>"; };
		8E9D10C421A42BDE00D73E7A /* Base */ = {isa = PBXFileReference; lastKnownFileType = file.storyboard; name = Base; path = Base.lproj/Main.storyboard; sourceTree = "<group>"; };
		8E9D10C621A42BDF00D73E7A /* Assets.xcassets */ = {isa = PBXFileReference; lastKnownFileType = folder.assetcatalog; path = Assets.xcassets; sourceTree = "<group>"; };
		8E9D10C921A42BDF00D73E7A /* Base */ = {isa = PBXFileReference; lastKnownFileType = file.storyboard; name = Base; path = Base.lproj/LaunchScreen.storyboard; sourceTree = "<group>"; };
		8E9D10CB21A42BDF00D73E7A /* Info.plist */ = {isa = PBXFileReference; lastKnownFileType = text.plist.xml; path = Info.plist; sourceTree = "<group>"; };
		8EFEDB2721A42EE900859672 /* RxSwift.framework */ = {isa = PBXFileReference; lastKnownFileType = wrapper.framework; name = RxSwift.framework; path = Carthage/Build/iOS/RxSwift.framework; sourceTree = "<group>"; };
		8EFEDB2821A42EE900859672 /* RxCocoa.framework */ = {isa = PBXFileReference; lastKnownFileType = wrapper.framework; name = RxCocoa.framework; path = Carthage/Build/iOS/RxCocoa.framework; sourceTree = "<group>"; };
		8EFEDB2B21A42FE900859672 /* WikipediaPage.swift */ = {isa = PBXFileReference; lastKnownFileType = sourcecode.swift; path = WikipediaPage.swift; sourceTree = "<group>"; };
		8EFEDB2F21A4328000859672 /* WikipediaSearchResponse.swift */ = {isa = PBXFileReference; lastKnownFileType = sourcecode.swift; path = WikipediaSearchResponse.swift; sourceTree = "<group>"; };
/* End PBXFileReference section */

/* Begin PBXFrameworksBuildPhase section */
		8E9D10B921A42BDE00D73E7A /* Frameworks */ = {
			isa = PBXFrameworksBuildPhase;
			buildActionMask = 2147483647;
			files = (
				8EFEDB2921A42EE900859672 /* RxSwift.framework in Frameworks */,
				8EFEDB2A21A42EE900859672 /* RxCocoa.framework in Frameworks */,
			);
			runOnlyForDeploymentPostprocessing = 0;
		};
/* End PBXFrameworksBuildPhase section */

/* Begin PBXGroup section */
		8E9D10B321A42BDE00D73E7A = {
			isa = PBXGroup;
			children = (
				8E9D10BE21A42BDE00D73E7A /* RxSample4 */,
				8E9D10BD21A42BDE00D73E7A /* Products */,
				8EFEDB2621A42EE800859672 /* Frameworks */,
			);
			sourceTree = "<group>";
		};
		8E9D10BD21A42BDE00D73E7A /* Products */ = {
			isa = PBXGroup;
			children = (
				8E9D10BC21A42BDE00D73E7A /* RxSample4.app */,
			);
			name = Products;
			sourceTree = "<group>";
		};
		8E9D10BE21A42BDE00D73E7A /* RxSample4 */ = {
			isa = PBXGroup;
			children = (
				8E9D10BF21A42BDE00D73E7A /* AppDelegate.swift */,
				8E9D10C121A42BDE00D73E7A /* ViewController.swift */,
				8E9D10C321A42BDE00D73E7A /* Main.storyboard */,
				8E9D10C621A42BDF00D73E7A /* Assets.xcassets */,
				8E9D10C821A42BDF00D73E7A /* LaunchScreen.storyboard */,
				8E9D10CB21A42BDF00D73E7A /* Info.plist */,
				8EFEDB2E21A42FFB00859672 /* Model */,
			);
			path = RxSample4;
			sourceTree = "<group>";
		};
		8EFEDB2621A42EE800859672 /* Frameworks */ = {
			isa = PBXGroup;
			children = (
				8EFEDB2821A42EE900859672 /* RxCocoa.framework */,
				8EFEDB2721A42EE900859672 /* RxSwift.framework */,
			);
			name = Frameworks;
			sourceTree = "<group>";
		};
		8EFEDB2E21A42FFB00859672 /* Model */ = {
			isa = PBXGroup;
			children = (
				8EFEDB2B21A42FE900859672 /* WikipediaPage.swift */,
				8EFEDB2F21A4328000859672 /* WikipediaSearchResponse.swift */,
			);
			path = Model;
			sourceTree = "<group>";
		};
/* End PBXGroup section */

/* Begin PBXNativeTarget section */
		8E9D10BB21A42BDE00D73E7A /* RxSample4 */ = {
			isa = PBXNativeTarget;
			buildConfigurationList = 8E9D10CE21A42BDF00D73E7A /* Build configuration list for PBXNativeTarget "RxSample4" */;
			buildPhases = (
				8E9D10B821A42BDE00D73E7A /* Sources */,
				8E9D10B921A42BDE00D73E7A /* Frameworks */,
				8E9D10BA21A42BDE00D73E7A /* Resources */,
				8EFEDB2521A42E9400859672 /* Carthage */,
			);
			buildRules = (
			);
			dependencies = (
			);
			name = RxSample4;
			productName = RxSample4;
			productReference = 8E9D10BC21A42BDE00D73E7A /* RxSample4.app */;
			productType = "com.apple.product-type.application";
		};
/* End PBXNativeTarget section */

/* Begin PBXProject section */
		8E9D10B421A42BDE00D73E7A /* Project object */ = {
			isa = PBXProject;
			attributes = {
				LastSwiftUpdateCheck = 1010;
				LastUpgradeCheck = 1010;
				ORGANIZATIONNAME = quesera2;
				TargetAttributes = {
					8E9D10BB21A42BDE00D73E7A = {
						CreatedOnToolsVersion = 10.1;
					};
				};
			};
			buildConfigurationList = 8E9D10B721A42BDE00D73E7A /* Build configuration list for PBXProject "RxSample4" */;
			compatibilityVersion = "Xcode 9.3";
			developmentRegion = en;
			hasScannedForEncodings = 0;
			knownRegions = (
				en,
				Base,
			);
			mainGroup = 8E9D10B321A42BDE00D73E7A;
			productRefGroup = 8E9D10BD21A42BDE00D73E7A /* Products */;
			projectDirPath = "";
			projectRoot = "";
			targets = (
				8E9D10BB21A42BDE00D73E7A /* RxSample4 */,
			);
		};
/* End PBXProject section */

/* Begin PBXResourcesBuildPhase section */
		8E9D10BA21A42BDE00D73E7A /* Resources */ = {
			isa = PBXResourcesBuildPhase;
			buildActionMask = 2147483647;
			files = (
				8E9D10CA21A42BDF00D73E7A /* LaunchScreen.storyboard in Resources */,
				8E9D10C721A42BDF00D73E7A /* Assets.xcassets in Resources */,
				8E9D10C521A42BDE00D73E7A /* Main.storyboard in Resources */,
			);
			runOnlyForDeploymentPostprocessing = 0;
		};
/* End PBXResourcesBuildPhase section */

/* Begin PBXShellScriptBuildPhase section */
		8EFEDB2521A42E9400859672 /* Carthage */ = {
			isa = PBXShellScriptBuildPhase;
			buildActionMask = 2147483647;
			files = (
			);
			inputFileListPaths = (
			);
			inputPaths = (
				"$(SRCROOT)/Carthage/Build/iOS/RxSwift.framework",
				"$(SRCROOT)/Carthage/Build/iOS/RxCocoa.framework",
			);
			name = Carthage;
			outputFileListPaths = (
			);
			outputPaths = (
			);
			runOnlyForDeploymentPostprocessing = 0;
			shellPath = /bin/sh;
			shellScript = "/usr/local/bin/carthage copy-frameworks\n";
		};
/* End PBXShellScriptBuildPhase section */

/* Begin PBXSourcesBuildPhase section */
		8E9D10B821A42BDE00D73E7A /* Sources */ = {
			isa = PBXSourcesBuildPhase;
			buildActionMask = 2147483647;
			files = (
				8EFEDB3021A4328000859672 /* WikipediaSearchResponse.swift in Sources */,
				8EFEDB2C21A42FE900859672 /* WikipediaPage.swift in Sources */,
				8E9D10C221A42BDE00D73E7A /* ViewController.swift in Sources */,
				8E9D10C021A42BDE00D73E7A /* AppDelegate.swift in Sources */,
			);
			runOnlyForDeploymentPostprocessing = 0;
		};
/* End PBXSourcesBuildPhase section */

/* Begin PBXVariantGroup section */
		8E9D10C321A42BDE00D73E7A /* Main.storyboard */ = {
			isa = PBXVariantGroup;
			children = (
				8E9D10C421A42BDE00D73E7A /* Base */,
			);
			name = Main.storyboard;
			sourceTree = "<group>";
		};
		8E9D10C821A42BDF00D73E7A /* LaunchScreen.storyboard */ = {
			isa = PBXVariantGroup;
			children = (
				8E9D10C921A42BDF00D73E7A /* Base */,
			);
			name = LaunchScreen.storyboard;
			sourceTree = "<group>";
		};
/* End PBXVariantGroup section */

/* Begin XCBuildConfiguration section */
		8E9D10CC21A42BDF00D73E7A /* Debug */ = {
			isa = XCBuildConfiguration;
			buildSettings = {
				ALWAYS_SEARCH_USER_PATHS = NO;
				CLANG_ANALYZER_NONNULL = YES;
				CLANG_ANALYZER_NUMBER_OBJECT_CONVERSION = YES_AGGRESSIVE;
				CLANG_CXX_LANGUAGE_STANDARD = "gnu++14";
				CLANG_CXX_LIBRARY = "libc++";
				CLANG_ENABLE_MODULES = YES;
				CLANG_ENABLE_OBJC_ARC = YES;
				CLANG_ENABLE_OBJC_WEAK = YES;
				CLANG_WARN_BLOCK_CAPTURE_AUTORELEASING = YES;
				CLANG_WARN_BOOL_CONVERSION = YES;
				CLANG_WARN_COMMA = YES;
				CLANG_WARN_CONSTANT_CONVERSION = YES;
				CLANG_WARN_DEPRECATED_OBJC_IMPLEMENTATIONS = YES;
				CLANG_WARN_DIRECT_OBJC_ISA_USAGE = YES_ERROR;
				CLANG_WARN_DOCUMENTATION_COMMENTS = YES;
				CLANG_WARN_EMPTY_BODY = YES;
				CLANG_WARN_ENUM_CONVERSION = YES;
				CLANG_WARN_INFINITE_RECURSION = YES;
				CLANG_WARN_INT_CONVERSION = YES;
				CLANG_WARN_NON_LITERAL_NULL_CONVERSION = YES;
				CLANG_WARN_OBJC_IMPLICIT_RETAIN_SELF = YES;
				CLANG_WARN_OBJC_LITERAL_CONVERSION = YES;
				CLANG_WARN_OBJC_ROOT_CLASS = YES_ERROR;
				CLANG_WARN_RANGE_LOOP_ANALYSIS = YES;
				CLANG_WARN_STRICT_PROTOTYPES = YES;
				CLANG_WARN_SUSPICIOUS_MOVE = YES;
				CLANG_WARN_UNGUARDED_AVAILABILITY = YES_AGGRESSIVE;
				CLANG_WARN_UNREACHABLE_CODE = YES;
				CLANG_WARN__DUPLICATE_METHOD_MATCH = YES;
				CODE_SIGN_IDENTITY = "iPhone Developer";
				COPY_PHASE_STRIP = NO;
				DEBUG_INFORMATION_FORMAT = dwarf;
				ENABLE_STRICT_OBJC_MSGSEND = YES;
				ENABLE_TESTABILITY = YES;
				GCC_C_LANGUAGE_STANDARD = gnu11;
				GCC_DYNAMIC_NO_PIC = NO;
				GCC_NO_COMMON_BLOCKS = YES;
				GCC_OPTIMIZATION_LEVEL = 0;
				GCC_PREPROCESSOR_DEFINITIONS = (
					"DEBUG=1",
					"$(inherited)",
				);
				GCC_WARN_64_TO_32_BIT_CONVERSION = YES;
				GCC_WARN_ABOUT_RETURN_TYPE = YES_ERROR;
				GCC_WARN_UNDECLARED_SELECTOR = YES;
				GCC_WARN_UNINITIALIZED_AUTOS = YES_AGGRESSIVE;
				GCC_WARN_UNUSED_FUNCTION = YES;
				GCC_WARN_UNUSED_VARIABLE = YES;
				IPHONEOS_DEPLOYMENT_TARGET = 12.1;
				MTL_ENABLE_DEBUG_INFO = INCLUDE_SOURCE;
				MTL_FAST_MATH = YES;
				ONLY_ACTIVE_ARCH = YES;
				SDKROOT = iphoneos;
				SWIFT_ACTIVE_COMPILATION_CONDITIONS = DEBUG;
				SWIFT_OPTIMIZATION_LEVEL = "-Onone";
			};
			name = Debug;
		};
		8E9D10CD21A42BDF00D73E7A /* Release */ = {
			isa = XCBuildConfiguration;
			buildSettings = {
				ALWAYS_SEARCH_USER_PATHS = NO;
				CLANG_ANALYZER_NONNULL = YES;
				CLANG_ANALYZER_NUMBER_OBJECT_CONVERSION = YES_AGGRESSIVE;
				CLANG_CXX_LANGUAGE_STANDARD = "gnu++14";
				CLANG_CXX_LIBRARY = "libc++";
				CLANG_ENABLE_MODULES = YES;
				CLANG_ENABLE_OBJC_ARC = YES;
				CLANG_ENABLE_OBJC_WEAK = YES;
				CLANG_WARN_BLOCK_CAPTURE_AUTORELEASING = YES;
				CLANG_WARN_BOOL_CONVERSION = YES;
				CLANG_WARN_COMMA = YES;
				CLANG_WARN_CONSTANT_CONVERSION = YES;
				CLANG_WARN_DEPRECATED_OBJC_IMPLEMENTATIONS = YES;
				CLANG_WARN_DIRECT_OBJC_ISA_USAGE = YES_ERROR;
				CLANG_WARN_DOCUMENTATION_COMMENTS = YES;
				CLANG_WARN_EMPTY_BODY = YES;
				CLANG_WARN_ENUM_CONVERSION = YES;
				CLANG_WARN_INFINITE_RECURSION = YES;
				CLANG_WARN_INT_CONVERSION = YES;
				CLANG_WARN_NON_LITERAL_NULL_CONVERSION = YES;
				CLANG_WARN_OBJC_IMPLICIT_RETAIN_SELF = YES;
				CLANG_WARN_OBJC_LITERAL_CONVERSION = YES;
				CLANG_WARN_OBJC_ROOT_CLASS = YES_ERROR;
				CLANG_WARN_RANGE_LOOP_ANALYSIS = YES;
				CLANG_WARN_STRICT_PROTOTYPES = YES;
				CLANG_WARN_SUSPICIOUS_MOVE = YES;
				CLANG_WARN_UNGUARDED_AVAILABILITY = YES_AGGRESSIVE;
				CLANG_WARN_UNREACHABLE_CODE = YES;
				CLANG_WARN__DUPLICATE_METHOD_MATCH = YES;
				CODE_SIGN_IDENTITY = "iPhone Developer";
				COPY_PHASE_STRIP = NO;
				DEBUG_INFORMATION_FORMAT = "dwarf-with-dsym";
				ENABLE_NS_ASSERTIONS = NO;
				ENABLE_STRICT_OBJC_MSGSEND = YES;
				GCC_C_LANGUAGE_STANDARD = gnu11;
				GCC_NO_COMMON_BLOCKS = YES;
				GCC_WARN_64_TO_32_BIT_CONVERSION = YES;
				GCC_WARN_ABOUT_RETURN_TYPE = YES_ERROR;
				GCC_WARN_UNDECLARED_SELECTOR = YES;
				GCC_WARN_UNINITIALIZED_AUTOS = YES_AGGRESSIVE;
				GCC_WARN_UNUSED_FUNCTION = YES;
				GCC_WARN_UNUSED_VARIABLE = YES;
				IPHONEOS_DEPLOYMENT_TARGET = 12.1;
				MTL_ENABLE_DEBUG_INFO = NO;
				MTL_FAST_MATH = YES;
				SDKROOT = iphoneos;
				SWIFT_COMPILATION_MODE = wholemodule;
				SWIFT_OPTIMIZATION_LEVEL = "-O";
				VALIDATE_PRODUCT = YES;
			};
			name = Release;
		};
		8E9D10CF21A42BDF00D73E7A /* Debug */ = {
			isa = XCBuildConfiguration;
			buildSettings = {
				ASSETCATALOG_COMPILER_APPICON_NAME = AppIcon;
				CODE_SIGN_STYLE = Automatic;
				FRAMEWORK_SEARCH_PATHS = (
					"$(inherited)",
					"$(PROJECT_DIR)/Carthage/Build/iOS",
				);
				INFOPLIST_FILE = RxSample4/Info.plist;
				LD_RUNPATH_SEARCH_PATHS = (
					"$(inherited)",
					"@executable_path/Frameworks",
				);
				PRODUCT_BUNDLE_IDENTIFIER = que.sera.sera.RxSample4;
				PRODUCT_NAME = "$(TARGET_NAME)";
				SWIFT_VERSION = 4.2;
				TARGETED_DEVICE_FAMILY = "1,2";
			};
			name = Debug;
		};
		8E9D10D021A42BDF00D73E7A /* Release */ = {
			isa = XCBuildConfiguration;
			buildSettings = {
				ASSETCATALOG_COMPILER_APPICON_NAME = AppIcon;
				CODE_SIGN_STYLE = Automatic;
				FRAMEWORK_SEARCH_PATHS = (
					"$(inherited)",
					"$(PROJECT_DIR)/Carthage/Build/iOS",
				);
				INFOPLIST_FILE = RxSample4/Info.plist;
				LD_RUNPATH_SEARCH_PATHS = (
					"$(inherited)",
					"@executable_path/Frameworks",
				);
				PRODUCT_BUNDLE_IDENTIFIER = que.sera.sera.RxSample4;
				PRODUCT_NAME = "$(TARGET_NAME)";
				SWIFT_VERSION = 4.2;
				TARGETED_DEVICE_FAMILY = "1,2";
			};
			name = Release;
		};
/* End XCBuildConfiguration section */

/* Begin XCConfigurationList section */
		8E9D10B721A42BDE00D73E7A /* Build configuration list for PBXProject "RxSample4" */ = {
			isa = XCConfigurationList;
			buildConfigurations = (
				8E9D10CC21A42BDF00D73E7A /* Debug */,
				8E9D10CD21A42BDF00D73E7A /* Release */,
			);
			defaultConfigurationIsVisible = 0;
			defaultConfigurationName = Release;
		};
		8E9D10CE21A42BDF00D73E7A /* Build configuration list for PBXNativeTarget "RxSample4" */ = {
			isa = XCConfigurationList;
			buildConfigurations = (
				8E9D10CF21A42BDF00D73E7A /* Debug */,
				8E9D10D021A42BDF00D73E7A /* Release */,
			);
			defaultConfigurationIsVisible = 0;
			defaultConfigurationName = Release;
		};
/* End XCConfigurationList section */
	};
	rootObject = 8E9D10B421A42BDE00D73E7A /* Project object */;
}
